
Microsoft Visual Studio Solution File, Format Version 12.00
# Visual Studio Version 16
VisualStudioVersion = 16.0.31702.278
MinimumVisualStudioVersion = 10.0.40219.1
Project("{00D1A9C2-B5F0-4AF3-8072-F6C62B433612}") = "ParkingStatus.DB", "ParkingStatus.DB.sqlproj", "{10C758FF-D7B0-46AF-B104-845E434F0D42}"
EndProject
Global
	GlobalSection(SolutionConfigurationPlatforms) = preSolution
		Debug|Any CPU = Debug|Any CPU
		Release|Any CPU = Release|Any CPU
	EndGlobalSection
	GlobalSection(ProjectConfigurationPlatforms) = postSolution
		{10C758FF-D7B0-46AF-B104-845E434F0D42}.Debug|Any CPU.ActiveCfg = Debug|Any CPU
		{10C758FF-D7B0-46AF-B104-845E434F0D42}.Debug|Any CPU.Build.0 = Debug|Any CPU
		{10C758FF-D7B0-46AF-B104-845E434F0D42}.Debug|Any CPU.Deploy.0 = Debug|Any CPU
		{10C758FF-D7B0-46AF-B104-845E434F0D42}.Release|Any CPU.ActiveCfg = Release|Any CPU
		{10C758FF-D7B0-46AF-B104-845E434F0D42}.Release|Any CPU.Build.0 = Release|Any CPU
		{10C758FF-D7B0-46AF-B104-845E434F0D42}.Release|Any CPU.Deploy.0 = Release|Any CPU
	EndGlobalSection
	GlobalSection(SolutionProperties) = preSolution
		HideSolutionNode = FALSE
	EndGlobalSection
	GlobalSection(ExtensibilityGlobals) = postSolution
		SolutionGuid = {0D2F24E9-E508-479A-B4D7-8C5F30C9C85D}
	EndGlobalSection
EndGlobal
